lockfileVersion: '9.0'

settings:
  autoInstallPeers: true
  excludeLinksFromLockfile: false

importers:

  .:
    devDependencies:
      '@playwright/test':
        specifier: ^1.55.1
        version: 1.55.1
      '@types/node':
        specifier: ^24.2.1
        version: 24.2.1

packages:

  '@playwright/test@1.55.1':
    resolution: {integrity: sha512-IVAh/nOJaw6W9g+RJVlIQJ6gSiER+ae6mKQ5CX1bERzQgbC1VSeBlwdvczT7pxb0GWiyrxH4TGKbMfDb4Sq/ig==}
    engines: {node: '>=18'}
    hasBin: true

  '@types/node@24.2.1':
    resolution: {integrity: sha512-DRh5K+ka5eJic8CjH7td8QpYEV6Zo10gfRkjHCO3weqZHWDtAaSTFtl4+VMqOJ4N5jcuhZ9/l+yy8rVgw7BQeQ==}

  fsevents@2.3.2:
    resolution: {integrity: sha512-xiqMQR4xAeHTuB9uWm+fFRcIOgKBMiOBP+eXiyT7jsgVCq1bkVygt00oASowB7EdtpOHaaPgKt812P9ab+DDKA==}
    engines: {node: ^8.16.0 || ^10.6.0 || >=11.0.0}
    os: [darwin]

  playwright-core@1.55.1:
    resolution: {integrity: sha512-Z6Mh9mkwX+zxSlHqdr5AOcJnfp+xUWLCt9uKV18fhzA8eyxUd8NUWzAjxUh55RZKSYwDGX0cfaySdhZJGMoJ+w==}
    engines: {node: '>=18'}
    hasBin: true

  playwright@1.55.1:
    resolution: {integrity: sha512-cJW4Xd/G3v5ovXtJJ52MAOclqeac9S/aGGgRzLabuF8TnIb6xHvMzKIa6JmrRzUkeXJgfL1MhukP0NK6l39h3A==}
    engines: {node: '>=18'}
    hasBin: true

  undici-types@7.10.0:
    resolution: {integrity: sha512-t5Fy/nfn+14LuOc2KNYg75vZqClpAiqscVvMygNnlsHBFpSXdJaYtXMcdNLpl/Qvc3P2cB3s6lOV51nqsFq4ag==}

snapshots:

  '@playwright/test@1.55.1':
    dependencies:
      playwright: 1.55.1

  '@types/node@24.2.1':
    dependencies:
      undici-types: 7.10.0

  fsevents@2.3.2:
    optional: true

  playwright-core@1.55.1: {}

  playwright@1.55.1:
    dependencies:
      playwright-core: 1.55.1
    optionalDependencies:
      fsevents: 2.3.2

  undici-types@7.10.0: {}
